// !$*UTF8*$!
{
	archiveVersion = 1;
	classes = {
	};
	objectVersion = 56;
	objects = {

/* Begin PBXBuildFile section */
		E98EAC1829F19D9B001E165D /* HoodooApp.swift in Sources */ = {isa = PBXBuildFile; fileRef = E98EAC1729F19D9B001E165D /* HoodooApp.swift */; };
		E98EAC1A29F19D9B001E165D /* ListView.swift in Sources */ = {isa = PBXBuildFile; fileRef = E98EAC1929F19D9B001E165D /* ListView.swift */; };
		E98EAC1C29F19D9C001E165D /* Assets.xcassets in Resources */ = {isa = PBXBuildFile; fileRef = E98EAC1B29F19D9C001E165D /* Assets.xcassets */; };
		E98EAC1F29F19D9C001E165D /* Preview Assets.xcassets in Resources */ = {isa = PBXBuildFile; fileRef = E98EAC1E29F19D9C001E165D /* Preview Assets.xcassets */; };
		E98EAC2829F1A1D7001E165D /* Todo.swift in Sources */ = {isa = PBXBuildFile; fileRef = E98EAC2729F1A1D7001E165D /* Todo.swift */; };
		E98EAC2A29F1A372001E165D /* TodoCardView.swift in Sources */ = {isa = PBXBuildFile; fileRef = E98EAC2929F1A372001E165D /* TodoCardView.swift */; };
		E98EAC2C29F1CA96001E165D /* DetailView.swift in Sources */ = {isa = PBXBuildFile; fileRef = E98EAC2B29F1CA96001E165D /* DetailView.swift */; };
		E98EAC3529F1E9A7001E165D /* DetailEditView.swift in Sources */ = {isa = PBXBuildFile; fileRef = E98EAC3429F1E9A7001E165D /* DetailEditView.swift */; };
		E98EAC3929F6E003001E165D /* Localizable.strings in Resources */ = {isa = PBXBuildFile; fileRef = E98EAC3B29F6E003001E165D /* Localizable.strings */; };
		E9D386F029F728EB00157FE0 /* DateExtensions.swift in Sources */ = {isa = PBXBuildFile; fileRef = E9D386EF29F728EB00157FE0 /* DateExtensions.swift */; };
		E9D386F229F837E100157FE0 /* HistoryView.swift in Sources */ = {isa = PBXBuildFile; fileRef = E9D386F129F837E100157FE0 /* HistoryView.swift */; };
		E9D386FA29FAD10000157FE0 /* Hoodoo.xcdatamodeld in Sources */ = {isa = PBXBuildFile; fileRef = E9D386F829FAD10000157FE0 /* Hoodoo.xcdatamodeld */; };
		E9D386FC29FAD25E00157FE0 /* DataController.swift in Sources */ = {isa = PBXBuildFile; fileRef = E9D386FB29FAD25E00157FE0 /* DataController.swift */; };
/* End PBXBuildFile section */

/* Begin PBXFileReference section */
		E98EAC1429F19D9B001E165D /* Hoodoo.app */ = {isa = PBXFileReference; explicitFileType = wrapper.application; includeInIndex = 0; path = Hoodoo.app; sourceTree = BUILT_PRODUCTS_DIR; };
		E98EAC1729F19D9B001E165D /* HoodooApp.swift */ = {isa = PBXFileReference; lastKnownFileType = sourcecode.swift; path = HoodooApp.swift; sourceTree = "<group>"; };
		E98EAC1929F19D9B001E165D /* ListView.swift */ = {isa = PBXFileReference; lastKnownFileType = sourcecode.swift; path = ListView.swift; sourceTree = "<group>"; };
		E98EAC1B29F19D9C001E165D /* Assets.xcassets */ = {isa = PBXFileReference; lastKnownFileType = folder.assetcatalog; path = Assets.xcassets; sourceTree = "<group>"; };
		E98EAC1E29F19D9C001E165D /* Preview Assets.xcassets */ = {isa = PBXFileReference; lastKnownFileType = folder.assetcatalog; path = "Preview Assets.xcassets"; sourceTree = "<group>"; };
		E98EAC2729F1A1D7001E165D /* Todo.swift */ = {isa = PBXFileReference; lastKnownFileType = sourcecode.swift; path = Todo.swift; sourceTree = "<group>"; };
		E98EAC2929F1A372001E165D /* TodoCardView.swift */ = {isa = PBXFileReference; lastKnownFileType = sourcecode.swift; path = TodoCardView.swift; sourceTree = "<group>"; };
		E98EAC2B29F1CA96001E165D /* DetailView.swift */ = {isa = PBXFileReference; lastKnownFileType = sourcecode.swift; path = DetailView.swift; sourceTree = "<group>"; };
		E98EAC3429F1E9A7001E165D /* DetailEditView.swift */ = {isa = PBXFileReference; lastKnownFileType = sourcecode.swift; path = DetailEditView.swift; sourceTree = "<group>"; };
		E98EAC3A29F6E003001E165D /* en */ = {isa = PBXFileReference; lastKnownFileType = text.plist.strings; name = en; path = en.lproj/Localizable.strings; sourceTree = "<group>"; };
		E98EAC3D29F6E0EE001E165D /* de */ = {isa = PBXFileReference; lastKnownFileType = text.plist.strings; name = de; path = de.lproj/Localizable.strings; sourceTree = "<group>"; };
		E9D386EF29F728EB00157FE0 /* DateExtensions.swift */ = {isa = PBXFileReference; lastKnownFileType = sourcecode.swift; path = DateExtensions.swift; sourceTree = "<group>"; };
		E9D386F129F837E100157FE0 /* HistoryView.swift */ = {isa = PBXFileReference; lastKnownFileType = sourcecode.swift; path = HistoryView.swift; sourceTree = "<group>"; };
		E9D386F929FAD10000157FE0 /* Hoodoo.xcdatamodel */ = {isa = PBXFileReference; lastKnownFileType = wrapper.xcdatamodel; path = Hoodoo.xcdatamodel; sourceTree = "<group>"; };
		E9D386FB29FAD25E00157FE0 /* DataController.swift */ = {isa = PBXFileReference; lastKnownFileType = sourcecode.swift; path = DataController.swift; sourceTree = "<group>"; };
/* End PBXFileReference section */

/* Begin PBXFrameworksBuildPhase section */
		E98EAC1129F19D9B001E165D /* Frameworks */ = {
			isa = PBXFrameworksBuildPhase;
			buildActionMask = 2147483647;
			files = (
			);
			runOnlyForDeploymentPostprocessing = 0;
		};
/* End PBXFrameworksBuildPhase section */

/* Begin PBXGroup section */
		E98EAC0B29F19D9B001E165D = {
			isa = PBXGroup;
			children = (
				E98EAC1629F19D9B001E165D /* Hoodoo */,
				E98EAC1529F19D9B001E165D /* Products */,
			);
			sourceTree = "<group>";
		};
		E98EAC1529F19D9B001E165D /* Products */ = {
			isa = PBXGroup;
			children = (
				E98EAC1429F19D9B001E165D /* Hoodoo.app */,
			);
			name = Products;
			sourceTree = "<group>";
		};
		E98EAC1629F19D9B001E165D /* Hoodoo */ = {
			isa = PBXGroup;
			children = (
				E98EAC3629F6DB68001E165D /* Resources */,
				E98EAC3129F1E757001E165D /* Extensions */,
				E98EAC2629F1A1AA001E165D /* Models */,
				E98EAC1729F19D9B001E165D /* HoodooApp.swift */,
				E98EAC1929F19D9B001E165D /* ListView.swift */,
				E98EAC2B29F1CA96001E165D /* DetailView.swift */,
				E98EAC3429F1E9A7001E165D /* DetailEditView.swift */,
				E9D386F129F837E100157FE0 /* HistoryView.swift */,
				E98EAC2929F1A372001E165D /* TodoCardView.swift */,
				E98EAC1D29F19D9C001E165D /* Preview Content */,
			);
			path = Hoodoo;
			sourceTree = "<group>";
		};
		E98EAC1D29F19D9C001E165D /* Preview Content */ = {
			isa = PBXGroup;
			children = (
				E98EAC1E29F19D9C001E165D /* Preview Assets.xcassets */,
			);
			path = "Preview Content";
			sourceTree = "<group>";
		};
		E98EAC2629F1A1AA001E165D /* Models */ = {
			isa = PBXGroup;
			children = (
				E98EAC2729F1A1D7001E165D /* Todo.swift */,
				E9D386FB29FAD25E00157FE0 /* DataController.swift */,
			);
			path = Models;
			sourceTree = "<group>";
		};
		E98EAC3129F1E757001E165D /* Extensions */ = {
			isa = PBXGroup;
			children = (
				E9D386EF29F728EB00157FE0 /* DateExtensions.swift */,
			);
			path = Extensions;
			sourceTree = "<group>";
		};
		E98EAC3629F6DB68001E165D /* Resources */ = {
			isa = PBXGroup;
			children = (
				E98EAC1B29F19D9C001E165D /* Assets.xcassets */,
				E98EAC3B29F6E003001E165D /* Localizable.strings */,
				E9D386F829FAD10000157FE0 /* Hoodoo.xcdatamodeld */,
			);
			path = Resources;
			sourceTree = "<group>";
		};
/* End PBXGroup section */

/* Begin PBXNativeTarget section */
		E98EAC1329F19D9B001E165D /* Hoodoo */ = {
			isa = PBXNativeTarget;
			buildConfigurationList = E98EAC2229F19D9C001E165D /* Build configuration list for PBXNativeTarget "Hoodoo" */;
			buildPhases = (
				E98EAC1029F19D9B001E165D /* Sources */,
				E98EAC1129F19D9B001E165D /* Frameworks */,
				E98EAC1229F19D9B001E165D /* Resources */,
				E98EAC2D29F1DD21001E165D /* Run Script */,
			);
			buildRules = (
			);
			dependencies = (
			);
			name = Hoodoo;
			productName = Hoodoo;
			productReference = E98EAC1429F19D9B001E165D /* Hoodoo.app */;
			productType = "com.apple.product-type.application";
		};
/* End PBXNativeTarget section */

/* Begin PBXProject section */
		E98EAC0C29F19D9B001E165D /* Project object */ = {
			isa = PBXProject;
			attributes = {
				BuildIndependentTargetsInParallel = 1;
				LastSwiftUpdateCheck = 1430;
				LastUpgradeCheck = 1430;
				TargetAttributes = {
					E98EAC1329F19D9B001E165D = {
						CreatedOnToolsVersion = 14.3;
					};
				};
			};
			buildConfigurationList = E98EAC0F29F19D9B001E165D /* Build configuration list for PBXProject "Hoodoo" */;
			compatibilityVersion = "Xcode 14.0";
			developmentRegion = en;
			hasScannedForEncodings = 0;
			knownRegions = (
				en,
				Base,
				de,
			);
			mainGroup = E98EAC0B29F19D9B001E165D;
			productRefGroup = E98EAC1529F19D9B001E165D /* Products */;
			projectDirPath = "";
			projectRoot = "";
			targets = (
				E98EAC1329F19D9B001E165D /* Hoodoo */,
			);
		};
/* End PBXProject section */

/* Begin PBXResourcesBuildPhase section */
		E98EAC1229F19D9B001E165D /* Resources */ = {
			isa = PBXResourcesBuildPhase;
			buildActionMask = 2147483647;
			files = (
				E98EAC1F29F19D9C001E165D /* Preview Assets.xcassets in Resources */,
				E98EAC3929F6E003001E165D /* Localizable.strings in Resources */,
				E98EAC1C29F19D9C001E165D /* Assets.xcassets in Resources */,
			);
			runOnlyForDeploymentPostprocessing = 0;
		};
/* End PBXResourcesBuildPhase section */

/* Begin PBXShellScriptBuildPhase section */
		E98EAC2D29F1DD21001E165D /* Run Script */ = {
			isa = PBXShellScriptBuildPhase;
			alwaysOutOfDate = 1;
			buildActionMask = 2147483647;
			files = (
			);
			inputFileListPaths = (
			);
			inputPaths = (
			);
			name = "Run Script";
			outputFileListPaths = (
			);
			outputPaths = (
			);
			runOnlyForDeploymentPostprocessing = 0;
			shellPath = /bin/zsh;
			shellScript = "alias swiftlint=\"/opt/homebrew/bin/swiftlint\"\n\nif which swiftlint >/dev/null; then\n  swiftlint\nelse\n  echo \"warning: SwiftLint not installed, download from https://github.com/realm/SwiftLint\"\nfi\n";
		};
/* End PBXShellScriptBuildPhase section */

/* Begin PBXSourcesBuildPhase section */
		E98EAC1029F19D9B001E165D /* Sources */ = {
			isa = PBXSourcesBuildPhase;
			buildActionMask = 2147483647;
			files = (
				E9D386F029F728EB00157FE0 /* DateExtensions.swift in Sources */,
				E9D386F229F837E100157FE0 /* HistoryView.swift in Sources */,
				E98EAC2A29F1A372001E165D /* TodoCardView.swift in Sources */,
				E98EAC1A29F19D9B001E165D /* ListView.swift in Sources */,
				E9D386FA29FAD10000157FE0 /* Hoodoo.xcdatamodeld in Sources */,
				E9D386FC29FAD25E00157FE0 /* DataController.swift in Sources */,
				E98EAC2829F1A1D7001E165D /* Todo.swift in Sources */,
				E98EAC2C29F1CA96001E165D /* DetailView.swift in Sources */,
				E98EAC1829F19D9B001E165D /* HoodooApp.swift in Sources */,
				E98EAC3529F1E9A7001E165D /* DetailEditView.swift in Sources */,
			);
			runOnlyForDeploymentPostprocessing = 0;
		};
/* End PBXSourcesBuildPhase section */

/* Begin PBXVariantGroup section */
		E98EAC3B29F6E003001E165D /* Localizable.strings */ = {
			isa = PBXVariantGroup;
			children = (
				E98EAC3A29F6E003001E165D /* en */,
				E98EAC3D29F6E0EE001E165D /* de */,
			);
			name = Localizable.strings;
			sourceTree = "<group>";
		};
/* End PBXVariantGroup section */

/* Begin XCBuildConfiguration section */
		E98EAC2029F19D9C001E165D /* Debug */ = {
			isa = XCBuildConfiguration;
			buildSettings = {
				ALWAYS_SEARCH_USER_PATHS = NO;
				CLANG_ANALYZER_LOCALIZABILITY_NONLOCALIZED = YES;
				CLANG_ANALYZER_NONNULL = YES;
				CLANG_ANALYZER_NUMBER_OBJECT_CONVERSION = YES_AGGRESSIVE;
				CLANG_CXX_LANGUAGE_STANDARD = "gnu++20";
				CLANG_ENABLE_MODULES = YES;
				CLANG_ENABLE_OBJC_ARC = YES;
				CLANG_ENABLE_OBJC_WEAK = YES;
				CLANG_WARN_BLOCK_CAPTURE_AUTORELEASING = YES;
				CLANG_WARN_BOOL_CONVERSION = YES;
				CLANG_WARN_COMMA = YES;
				CLANG_WARN_CONSTANT_CONVERSION = YES;
				CLANG_WARN_DEPRECATED_OBJC_IMPLEMENTATIONS = YES;
				CLANG_WARN_DIRECT_OBJC_ISA_USAGE = YES_ERROR;
				CLANG_WARN_DOCUMENTATION_COMMENTS = YES;
				CLANG_WARN_EMPTY_BODY = YES;
				CLANG_WARN_ENUM_CONVERSION = YES;
				CLANG_WARN_INFINITE_RECURSION = YES;
				CLANG_WARN_INT_CONVERSION = YES;
				CLANG_WARN_NON_LITERAL_NULL_CONVERSION = YES;
				CLANG_WARN_OBJC_IMPLICIT_RETAIN_SELF = YES;
				CLANG_WARN_OBJC_LITERAL_CONVERSION = YES;
				CLANG_WARN_OBJC_ROOT_CLASS = YES_ERROR;
				CLANG_WARN_QUOTED_INCLUDE_IN_FRAMEWORK_HEADER = YES;
				CLANG_WARN_RANGE_LOOP_ANALYSIS = YES;
				CLANG_WARN_STRICT_PROTOTYPES = YES;
				CLANG_WARN_SUSPICIOUS_MOVE = YES;
				CLANG_WARN_UNGUARDED_AVAILABILITY = YES_AGGRESSIVE;
				CLANG_WARN_UNREACHABLE_CODE = YES;
				CLANG_WARN__DUPLICATE_METHOD_MATCH = YES;
				COPY_PHASE_STRIP = NO;
				DEBUG_INFORMATION_FORMAT = dwarf;
				ENABLE_STRICT_OBJC_MSGSEND = YES;
				ENABLE_TESTABILITY = YES;
				GCC_C_LANGUAGE_STANDARD = gnu11;
				GCC_DYNAMIC_NO_PIC = NO;
				GCC_NO_COMMON_BLOCKS = YES;
				GCC_OPTIMIZATION_LEVEL = 0;
				GCC_PREPROCESSOR_DEFINITIONS = (
					"DEBUG=1",
					"$(inherited)",
				);
				GCC_WARN_64_TO_32_BIT_CONVERSION = YES;
				GCC_WARN_ABOUT_RETURN_TYPE = YES_ERROR;
				GCC_WARN_UNDECLARED_SELECTOR = YES;
				GCC_WARN_UNINITIALIZED_AUTOS = YES_AGGRESSIVE;
				GCC_WARN_UNUSED_FUNCTION = YES;
				GCC_WARN_UNUSED_VARIABLE = YES;
				IPHONEOS_DEPLOYMENT_TARGET = 16.4;
				MTL_ENABLE_DEBUG_INFO = INCLUDE_SOURCE;
				MTL_FAST_MATH = YES;
				ONLY_ACTIVE_ARCH = YES;
				SDKROOT = iphoneos;
				SWIFT_ACTIVE_COMPILATION_CONDITIONS = DEBUG;
				SWIFT_OPTIMIZATION_LEVEL = "-Onone";
			};
			name = Debug;
		};
		E98EAC2129F19D9C001E165D /* Release */ = {
			isa = XCBuildConfiguration;
			buildSettings = {
				ALWAYS_SEARCH_USER_PATHS = NO;
				CLANG_ANALYZER_LOCALIZABILITY_NONLOCALIZED = YES;
				CLANG_ANALYZER_NONNULL = YES;
				CLANG_ANALYZER_NUMBER_OBJECT_CONVERSION = YES_AGGRESSIVE;
				CLANG_CXX_LANGUAGE_STANDARD = "gnu++20";
				CLANG_ENABLE_MODULES = YES;
				CLANG_ENABLE_OBJC_ARC = YES;
				CLANG_ENABLE_OBJC_WEAK = YES;
				CLANG_WARN_BLOCK_CAPTURE_AUTORELEASING = YES;
				CLANG_WARN_BOOL_CONVERSION = YES;
				CLANG_WARN_COMMA = YES;
				CLANG_WARN_CONSTANT_CONVERSION = YES;
				CLANG_WARN_DEPRECATED_OBJC_IMPLEMENTATIONS = YES;
				CLANG_WARN_DIRECT_OBJC_ISA_USAGE = YES_ERROR;
				CLANG_WARN_DOCUMENTATION_COMMENTS = YES;
				CLANG_WARN_EMPTY_BODY = YES;
				CLANG_WARN_ENUM_CONVERSION = YES;
				CLANG_WARN_INFINITE_RECURSION = YES;
				CLANG_WARN_INT_CONVERSION = YES;
				CLANG_WARN_NON_LITERAL_NULL_CONVERSION = YES;
				CLANG_WARN_OBJC_IMPLICIT_RETAIN_SELF = YES;
				CLANG_WARN_OBJC_LITERAL_CONVERSION = YES;
				CLANG_WARN_OBJC_ROOT_CLASS = YES_ERROR;
				CLANG_WARN_QUOTED_INCLUDE_IN_FRAMEWORK_HEADER = YES;
				CLANG_WARN_RANGE_LOOP_ANALYSIS = YES;
				CLANG_WARN_STRICT_PROTOTYPES = YES;
				CLANG_WARN_SUSPICIOUS_MOVE = YES;
				CLANG_WARN_UNGUARDED_AVAILABILITY = YES_AGGRESSIVE;
				CLANG_WARN_UNREACHABLE_CODE = YES;
				CLANG_WARN__DUPLICATE_METHOD_MATCH = YES;
				COPY_PHASE_STRIP = NO;
				DEBUG_INFORMATION_FORMAT = "dwarf-with-dsym";
				ENABLE_NS_ASSERTIONS = NO;
				ENABLE_STRICT_OBJC_MSGSEND = YES;
				GCC_C_LANGUAGE_STANDARD = gnu11;
				GCC_NO_COMMON_BLOCKS = YES;
				GCC_WARN_64_TO_32_BIT_CONVERSION = YES;
				GCC_WARN_ABOUT_RETURN_TYPE = YES_ERROR;
				GCC_WARN_UNDECLARED_SELECTOR = YES;
				GCC_WARN_UNINITIALIZED_AUTOS = YES_AGGRESSIVE;
				GCC_WARN_UNUSED_FUNCTION = YES;
				GCC_WARN_UNUSED_VARIABLE = YES;
				IPHONEOS_DEPLOYMENT_TARGET = 16.4;
				MTL_ENABLE_DEBUG_INFO = NO;
				MTL_FAST_MATH = YES;
				SDKROOT = iphoneos;
				SWIFT_COMPILATION_MODE = wholemodule;
				SWIFT_OPTIMIZATION_LEVEL = "-O";
				VALIDATE_PRODUCT = YES;
			};
			name = Release;
		};
		E98EAC2329F19D9C001E165D /* Debug */ = {
			isa = XCBuildConfiguration;
			buildSettings = {
				ASSETCATALOG_COMPILER_APPICON_NAME = AppIcon;
				ASSETCATALOG_COMPILER_GLOBAL_ACCENT_COLOR_NAME = AccentColor;
				CODE_SIGN_STYLE = Automatic;
				CURRENT_PROJECT_VERSION = 1;
				DEVELOPMENT_ASSET_PATHS = "\"Hoodoo/Preview Content\"";
				ENABLE_PREVIEWS = YES;
				GENERATE_INFOPLIST_FILE = YES;
				INFOPLIST_KEY_UIApplicationSceneManifest_Generation = YES;
				INFOPLIST_KEY_UIApplicationSupportsIndirectInputEvents = YES;
				INFOPLIST_KEY_UILaunchScreen_Generation = YES;
				INFOPLIST_KEY_UISupportedInterfaceOrientations_iPad = "UIInterfaceOrientationPortrait UIInterfaceOrientationPortraitUpsideDown UIInterfaceOrientationLandscapeLeft UIInterfaceOrientationLandscapeRight";
				INFOPLIST_KEY_UISupportedInterfaceOrientations_iPhone = "UIInterfaceOrientationPortrait UIInterfaceOrientationLandscapeLeft UIInterfaceOrientationLandscapeRight";
				IPHONEOS_DEPLOYMENT_TARGET = 15.0;
				LD_RUNPATH_SEARCH_PATHS = (
					"$(inherited)",
					"@executable_path/Frameworks",
				);
				MARKETING_VERSION = 1.0;
				PRODUCT_BUNDLE_IDENTIFIER = com.sachabate.Hoodoo;
				PRODUCT_NAME = "$(TARGET_NAME)";
				SWIFT_EMIT_LOC_STRINGS = YES;
				SWIFT_VERSION = 5.0;
				TARGETED_DEVICE_FAMILY = "1,2";
			};
			name = Debug;
		};
		E98EAC2429F19D9C001E165D /* Release */ = {
			isa = XCBuildConfiguration;
			buildSettings = {
				ASSETCATALOG_COMPILER_APPICON_NAME = AppIcon;
				ASSETCATALOG_COMPILER_GLOBAL_ACCENT_COLOR_NAME = AccentColor;
				CODE_SIGN_STYLE = Automatic;
				CURRENT_PROJECT_VERSION = 1;
				DEVELOPMENT_ASSET_PATHS = "\"Hoodoo/Preview Content\"";
				ENABLE_PREVIEWS = YES;
				GENERATE_INFOPLIST_FILE = YES;
				INFOPLIST_KEY_UIApplicationSceneManifest_Generation = YES;
				INFOPLIST_KEY_UIApplicationSupportsIndirectInputEvents = YES;
				INFOPLIST_KEY_UILaunchScreen_Generation = YES;
				INFOPLIST_KEY_UISupportedInterfaceOrientations_iPad = "UIInterfaceOrientationPortrait UIInterfaceOrientationPortraitUpsideDown UIInterfaceOrientationLandscapeLeft UIInterfaceOrientationLandscapeRight";
				INFOPLIST_KEY_UISupportedInterfaceOrientations_iPhone = "UIInterfaceOrientationPortrait UIInterfaceOrientationLandscapeLeft UIInterfaceOrientationLandscapeRight";
				IPHONEOS_DEPLOYMENT_TARGET = 15.0;
				LD_RUNPATH_SEARCH_PATHS = (
					"$(inherited)",
					"@executable_path/Frameworks",
				);
				MARKETING_VERSION = 1.0;
				PRODUCT_BUNDLE_IDENTIFIER = com.sachabate.Hoodoo;
				PRODUCT_NAME = "$(TARGET_NAME)";
				SWIFT_EMIT_LOC_STRINGS = YES;
				SWIFT_VERSION = 5.0;
				TARGETED_DEVICE_FAMILY = "1,2";
			};
			name = Release;
		};
/* End XCBuildConfiguration section */

/* Begin XCConfigurationList section */
		E98EAC0F29F19D9B001E165D /* Build configuration list for PBXProject "Hoodoo" */ = {
			isa = XCConfigurationList;
			buildConfigurations = (
				E98EAC2029F19D9C001E165D /* Debug */,
				E98EAC2129F19D9C001E165D /* Release */,
			);
			defaultConfigurationIsVisible = 0;
			defaultConfigurationName = Release;
		};
		E98EAC2229F19D9C001E165D /* Build configuration list for PBXNativeTarget "Hoodoo" */ = {
			isa = XCConfigurationList;
			buildConfigurations = (
				E98EAC2329F19D9C001E165D /* Debug */,
				E98EAC2429F19D9C001E165D /* Release */,
			);
			defaultConfigurationIsVisible = 0;
			defaultConfigurationName = Release;
		};
/* End XCConfigurationList section */

/* Begin XCVersionGroup section */
		E9D386F829FAD10000157FE0 /* Hoodoo.xcdatamodeld */ = {
			isa = XCVersionGroup;
			children = (
				E9D386F929FAD10000157FE0 /* Hoodoo.xcdatamodel */,
			);
			currentVersion = E9D386F929FAD10000157FE0 /* Hoodoo.xcdatamodel */;
			path = Hoodoo.xcdatamodeld;
			sourceTree = "<group>";
			versionGroupType = wrapper.xcdatamodel;
		};
/* End XCVersionGroup section */
	};
	rootObject = E98EAC0C29F19D9B001E165D /* Project object */;
}
